
Microsoft Visual Studio Solution File, Format Version 12.00
# Visual Studio 15
VisualStudioVersion = 15.0.28010.2036
MinimumVisualStudioVersion = 10.0.40219.1
Project("{FAE04EC0-301F-11D3-BF4B-00C04F79EFBC}") = "CSDL_QuanLyTTTA", "CSDL_QuanLyTTTA\CSDL_QuanLyTTTA.csproj", "{65E66F76-6B9C-4AA4-BABF-54C774C575AF}"
EndProject
Global
	GlobalSection(SolutionConfigurationPlatforms) = preSolution
		Debug|Any CPU = Debug|Any CPU
		Release|Any CPU = Release|Any CPU
	EndGlobalSection
	GlobalSection(ProjectConfigurationPlatforms) = postSolution
		{65E66F76-6B9C-4AA4-BABF-54C774C575AF}.Debug|Any CPU.ActiveCfg = Debug|Any CPU
		{65E66F76-6B9C-4AA4-BABF-54C774C575AF}.Debug|Any CPU.Build.0 = Debug|Any CPU
		{65E66F76-6B9C-4AA4-BABF-54C774C575AF}.Release|Any CPU.ActiveCfg = Release|Any CPU
		{65E66F76-6B9C-4AA4-BABF-54C774C575AF}.Release|Any CPU.Build.0 = Release|Any CPU
	EndGlobalSection
	GlobalSection(SolutionProperties) = preSolution
		HideSolutionNode = FALSE
	EndGlobalSection
	GlobalSection(ExtensibilityGlobals) = postSolution
		SolutionGuid = {2D41C756-2A8D-4870-80CE-C9DC4E03E449}
	EndGlobalSection
EndGlobal
